
Microsoft Visual Studio Solution File, Format Version 12.00
# Visual Studio Version 17
VisualStudioVersion = 17.12.35527.113
MinimumVisualStudioVersion = 10.0.40219.1
Project("{FAE04EC0-301F-11D3-BF4B-00C04F79EFBC}") = "WebApi", "WebApi\WebApi.csproj", "{937DA69E-270F-4A8E-A00A-EAD4D1356AD9}"
EndProject
Project("{FAE04EC0-301F-11D3-BF4B-00C04F79EFBC}") = "Domain", "Domain\Domain.csproj", "{5CC0CFE0-0F7D-400E-B617-51AE36A26406}"
EndProject
Project("{FAE04EC0-301F-11D3-BF4B-00C04F79EFBC}") = "Infrastructure", "Infrastructure\Infrastructure.csproj", "{7BBAB08E-D708-4631-B5A4-1EBE6DDE8C69}"
EndProject
Global
	GlobalSection(SolutionConfigurationPlatforms) = preSolution
		Debug|Any CPU = Debug|Any CPU
		Release|Any CPU = Release|Any CPU
	EndGlobalSection
	GlobalSection(ProjectConfigurationPlatforms) = postSolution
		{937DA69E-270F-4A8E-A00A-EAD4D1356AD9}.Debug|Any CPU.ActiveCfg = Debug|Any CPU
		{937DA69E-270F-4A8E-A00A-EAD4D1356AD9}.Debug|Any CPU.Build.0 = Debug|Any CPU
		{937DA69E-270F-4A8E-A00A-EAD4D1356AD9}.Release|Any CPU.ActiveCfg = Release|Any CPU
		{937DA69E-270F-4A8E-A00A-EAD4D1356AD9}.Release|Any CPU.Build.0 = Release|Any CPU
		{5CC0CFE0-0F7D-400E-B617-51AE36A26406}.Debug|Any CPU.ActiveCfg = Debug|Any CPU
		{5CC0CFE0-0F7D-400E-B617-51AE36A26406}.Debug|Any CPU.Build.0 = Debug|Any CPU
		{5CC0CFE0-0F7D-400E-B617-51AE36A26406}.Release|Any CPU.ActiveCfg = Release|Any CPU
		{5CC0CFE0-0F7D-400E-B617-51AE36A26406}.Release|Any CPU.Build.0 = Release|Any CPU
		{7BBAB08E-D708-4631-B5A4-1EBE6DDE8C69}.Debug|Any CPU.ActiveCfg = Debug|Any CPU
		{7BBAB08E-D708-4631-B5A4-1EBE6DDE8C69}.Debug|Any CPU.Build.0 = Debug|Any CPU
		{7BBAB08E-D708-4631-B5A4-1EBE6DDE8C69}.Release|Any CPU.ActiveCfg = Release|Any CPU
		{7BBAB08E-D708-4631-B5A4-1EBE6DDE8C69}.Release|Any CPU.Build.0 = Release|Any CPU
	EndGlobalSection
	GlobalSection(SolutionProperties) = preSolution
		HideSolutionNode = FALSE
	EndGlobalSection
EndGlobal
